
Microsoft Visual Studio Solution File, Format Version 12.00
# Visual Studio Version 17
VisualStudioVersion = 17.4.33213.308
MinimumVisualStudioVersion = 10.0.40219.1
Project("{FAE04EC0-301F-11D3-BF4B-00C04F79EFBC}") = "ReviewSentimentClass", "ReviewSentimentClass\ReviewSentimentClass.csproj", "{BF505428-D50A-429C-B505-91FB4ED86B4F}"
EndProject
Global
	GlobalSection(SolutionConfigurationPlatforms) = preSolution
		Debug|Any CPU = Debug|Any CPU
		Release|Any CPU = Release|Any CPU
	EndGlobalSection
	GlobalSection(ProjectConfigurationPlatforms) = postSolution
		{BF505428-D50A-429C-B505-91FB4ED86B4F}.Debug|Any CPU.ActiveCfg = Debug|Any CPU
		{BF505428-D50A-429C-B505-91FB4ED86B4F}.Debug|Any CPU.Build.0 = Debug|Any CPU
		{BF505428-D50A-429C-B505-91FB4ED86B4F}.Release|Any CPU.ActiveCfg = Release|Any CPU
		{BF505428-D50A-429C-B505-91FB4ED86B4F}.Release|Any CPU.Build.0 = Release|Any CPU
	EndGlobalSection
	GlobalSection(SolutionProperties) = preSolution
		HideSolutionNode = FALSE
	EndGlobalSection
	GlobalSection(ExtensibilityGlobals) = postSolution
		SolutionGuid = {FBBAE676-7802-4B10-9F82-D1DACC60DFDD}
	EndGlobalSection
EndGlobal
